
Microsoft Visual Studio Solution File, Format Version 12.00
# Visual Studio Version 16
VisualStudioVersion = 16.0.32106.194
MinimumVisualStudioVersion = 10.0.40219.1
Project("{FAE04EC0-301F-11D3-BF4B-00C04F79EFBC}") = "COMP3602Assign04", "COMP3602Assign04\COMP3602Assign04.csproj", "{9FCFE6BD-399D-4B37-AC1B-FFB212FD031D}"
EndProject
Global
	GlobalSection(SolutionConfigurationPlatforms) = preSolution
		Debug|Any CPU = Debug|Any CPU
		Release|Any CPU = Release|Any CPU
	EndGlobalSection
	GlobalSection(ProjectConfigurationPlatforms) = postSolution
		{9FCFE6BD-399D-4B37-AC1B-FFB212FD031D}.Debug|Any CPU.ActiveCfg = Debug|Any CPU
		{9FCFE6BD-399D-4B37-AC1B-FFB212FD031D}.Debug|Any CPU.Build.0 = Debug|Any CPU
		{9FCFE6BD-399D-4B37-AC1B-FFB212FD031D}.Release|Any CPU.ActiveCfg = Release|Any CPU
		{9FCFE6BD-399D-4B37-AC1B-FFB212FD031D}.Release|Any CPU.Build.0 = Release|Any CPU
	EndGlobalSection
	GlobalSection(SolutionProperties) = preSolution
		HideSolutionNode = FALSE
	EndGlobalSection
	GlobalSection(ExtensibilityGlobals) = postSolution
		SolutionGuid = {5F5BE90D-D0AC-4FFE-A62E-F325CFA925EB}
	EndGlobalSection
EndGlobal
